
Microsoft Visual Studio Solution File, Format Version 12.00
# Visual Studio Version 17
VisualStudioVersion = 17.0.32014.148
MinimumVisualStudioVersion = 10.0.40219.1
Project("{FAE04EC0-301F-11D3-BF4B-00C04F79EFBC}") = "Buscador-Alumnos", "Buscador-Alumnos\Buscador-Alumnos.csproj", "{49885EF7-1623-410B-8065-6305F0FDF3BC}"
EndProject
Global
	GlobalSection(SolutionConfigurationPlatforms) = preSolution
		Debug|Any CPU = Debug|Any CPU
		Release|Any CPU = Release|Any CPU
	EndGlobalSection
	GlobalSection(ProjectConfigurationPlatforms) = postSolution
		{49885EF7-1623-410B-8065-6305F0FDF3BC}.Debug|Any CPU.ActiveCfg = Debug|Any CPU
		{49885EF7-1623-410B-8065-6305F0FDF3BC}.Debug|Any CPU.Build.0 = Debug|Any CPU
		{49885EF7-1623-410B-8065-6305F0FDF3BC}.Release|Any CPU.ActiveCfg = Release|Any CPU
		{49885EF7-1623-410B-8065-6305F0FDF3BC}.Release|Any CPU.Build.0 = Release|Any CPU
	EndGlobalSection
	GlobalSection(SolutionProperties) = preSolution
		HideSolutionNode = FALSE
	EndGlobalSection
	GlobalSection(ExtensibilityGlobals) = postSolution
		SolutionGuid = {FF94F4B0-47FD-4D72-82C2-0A92CF022512}
	EndGlobalSection
EndGlobal
